
Microsoft Visual Studio Solution File, Format Version 12.00
# Visual Studio Version 17
VisualStudioVersion = 17.14.36616.10
MinimumVisualStudioVersion = 10.0.40219.1
Project("{FAE04EC0-301F-11D3-BF4B-00C04F79EFBC}") = "EpicurApp-API", "EpicurApp-API\EpicurApp-API.csproj", "{2B983A19-6623-42D2-A7B7-FFDFDF50069D}"
EndProject
Project("{FAE04EC0-301F-11D3-BF4B-00C04F79EFBC}") = "EpicurAppLogic", "EpicurAppLogic\EpicurAppLogic.csproj", "{4CCEF3FD-841D-D945-C17D-03DE149AD12B}"
EndProject
Project("{FAE04EC0-301F-11D3-BF4B-00C04F79EFBC}") = "EpicurAPP-Partage", "..\EpicurApp\EpicurAPP-Partage\EpicurAPP-Partage\EpicurAPP-Partage.csproj", "{2CE77156-8074-BB97-436A-A37A449B8AA0}"
EndProject
Project("{FAE04EC0-301F-11D3-BF4B-00C04F79EFBC}") = "Test", "ClientServicesTest\Test.csproj", "{31FCC1AA-783D-442B-B45F-40F153C58F87}"
EndProject
Global
	GlobalSection(SolutionConfigurationPlatforms) = preSolution
		Debug|Any CPU = Debug|Any CPU
		Release|Any CPU = Release|Any CPU
	EndGlobalSection
	GlobalSection(ProjectConfigurationPlatforms) = postSolution
		{2B983A19-6623-42D2-A7B7-FFDFDF50069D}.Debug|Any CPU.ActiveCfg = Debug|Any CPU
		{2B983A19-6623-42D2-A7B7-FFDFDF50069D}.Debug|Any CPU.Build.0 = Debug|Any CPU
		{2B983A19-6623-42D2-A7B7-FFDFDF50069D}.Release|Any CPU.ActiveCfg = Release|Any CPU
		{2B983A19-6623-42D2-A7B7-FFDFDF50069D}.Release|Any CPU.Build.0 = Release|Any CPU
		{4CCEF3FD-841D-D945-C17D-03DE149AD12B}.Debug|Any CPU.ActiveCfg = Debug|Any CPU
		{4CCEF3FD-841D-D945-C17D-03DE149AD12B}.Debug|Any CPU.Build.0 = Debug|Any CPU
		{4CCEF3FD-841D-D945-C17D-03DE149AD12B}.Release|Any CPU.ActiveCfg = Release|Any CPU
		{4CCEF3FD-841D-D945-C17D-03DE149AD12B}.Release|Any CPU.Build.0 = Release|Any CPU
		{2CE77156-8074-BB97-436A-A37A449B8AA0}.Debug|Any CPU.ActiveCfg = Debug|Any CPU
		{2CE77156-8074-BB97-436A-A37A449B8AA0}.Debug|Any CPU.Build.0 = Debug|Any CPU
		{2CE77156-8074-BB97-436A-A37A449B8AA0}.Release|Any CPU.ActiveCfg = Release|Any CPU
		{2CE77156-8074-BB97-436A-A37A449B8AA0}.Release|Any CPU.Build.0 = Release|Any CPU
		{31FCC1AA-783D-442B-B45F-40F153C58F87}.Debug|Any CPU.ActiveCfg = Debug|Any CPU
		{31FCC1AA-783D-442B-B45F-40F153C58F87}.Debug|Any CPU.Build.0 = Debug|Any CPU
		{31FCC1AA-783D-442B-B45F-40F153C58F87}.Release|Any CPU.ActiveCfg = Release|Any CPU
		{31FCC1AA-783D-442B-B45F-40F153C58F87}.Release|Any CPU.Build.0 = Release|Any CPU
	EndGlobalSection
	GlobalSection(SolutionProperties) = preSolution
		HideSolutionNode = FALSE
	EndGlobalSection
	GlobalSection(ExtensibilityGlobals) = postSolution
		SolutionGuid = {1DA8C97F-938E-41E7-BE0D-F0FBD89F6E59}
	EndGlobalSection
EndGlobal
